
Microsoft Visual Studio Solution File, Format Version 12.00
# Visual Studio Version 17
VisualStudioVersion = 17.7.34031.279
MinimumVisualStudioVersion = 10.0.40219.1
Project("{FAE04EC0-301F-11D3-BF4B-00C04F79EFBC}") = "Match Game", "Match Game\Match Game.csproj", "{F4DFBE87-E591-4CEF-A279-AC24B1895862}"
EndProject
Global
	GlobalSection(SolutionConfigurationPlatforms) = preSolution
		Debug|Any CPU = Debug|Any CPU
		Release|Any CPU = Release|Any CPU
	EndGlobalSection
	GlobalSection(ProjectConfigurationPlatforms) = postSolution
		{F4DFBE87-E591-4CEF-A279-AC24B1895862}.Debug|Any CPU.ActiveCfg = Debug|Any CPU
		{F4DFBE87-E591-4CEF-A279-AC24B1895862}.Debug|Any CPU.Build.0 = Debug|Any CPU
		{F4DFBE87-E591-4CEF-A279-AC24B1895862}.Release|Any CPU.ActiveCfg = Release|Any CPU
		{F4DFBE87-E591-4CEF-A279-AC24B1895862}.Release|Any CPU.Build.0 = Release|Any CPU
	EndGlobalSection
	GlobalSection(SolutionProperties) = preSolution
		HideSolutionNode = FALSE
	EndGlobalSection
	GlobalSection(ExtensibilityGlobals) = postSolution
		SolutionGuid = {1FE9BE6F-EBD9-4E78-8B86-5D8F39B0D169}
	EndGlobalSection
EndGlobal
